
Microsoft Visual Studio Solution File, Format Version 12.00
# Visual Studio Version 16
VisualStudioVersion = 16.0.31205.134
MinimumVisualStudioVersion = 10.0.40219.1
Project("{9A19103F-16F7-4668-BE54-9A1E7A4F7556}") = "CinemaForYou", "CinemaForYou.csproj", "{75135186-B3D0-4DD2-A114-29DAD2668A9F}"
EndProject
Project("{2150E333-8FDC-42A3-9474-1A3956D46DE8}") = "Documents", "Documents", "{70229A4E-FCCE-4EB6-9827-0A15A0B22A49}"
	ProjectSection(SolutionItems) = preProject
		..\..\..\Documents\identifiants.txt = ..\..\..\Documents\identifiants.txt
	EndProjectSection
EndProject
Global
	GlobalSection(SolutionConfigurationPlatforms) = preSolution
		Debug|Any CPU = Debug|Any CPU
		Release|Any CPU = Release|Any CPU
	EndGlobalSection
	GlobalSection(ProjectConfigurationPlatforms) = postSolution
		{75135186-B3D0-4DD2-A114-29DAD2668A9F}.Debug|Any CPU.ActiveCfg = Debug|Any CPU
		{75135186-B3D0-4DD2-A114-29DAD2668A9F}.Debug|Any CPU.Build.0 = Debug|Any CPU
		{75135186-B3D0-4DD2-A114-29DAD2668A9F}.Release|Any CPU.ActiveCfg = Release|Any CPU
		{75135186-B3D0-4DD2-A114-29DAD2668A9F}.Release|Any CPU.Build.0 = Release|Any CPU
	EndGlobalSection
	GlobalSection(SolutionProperties) = preSolution
		HideSolutionNode = FALSE
	EndGlobalSection
	GlobalSection(ExtensibilityGlobals) = postSolution
		SolutionGuid = {BDB98ABD-4C03-4FFA-A397-024D01182B79}
	EndGlobalSection
EndGlobal
